{
  "name": "mbcorai-packages",
  "lockfileVersion": 3,
  "requires": true,
  "packages": {
    "": {
      "name": "mbcorai-packages",
      "workspaces": [
        "language-switcher"
      ]
    },
    "language-switcher": {
      "name": "@mbcorai/language-switcher",
      "version": "1.0.0",
      "license": "ISC",
      "dependencies": {
        "i18next": "^26.2.0",
        "react-i18next": "^17.0.8"
      },
      "devDependencies": {
        "@types/react": "^19.2.15",
        "react": "^19.2.6",
        "react-dom": "^19.2.6",
        "typescript": "^6.0.3"
      },
      "peerDependencies": {
        "react": "^19.0.0",
        "react-dom": "^19.0.0"
      }
    },
    "language-switcher/node_modules/@babel/runtime": {
      "version": "7.29.2",
      "license": "MIT",
      "engines": {
        "node": ">=6.9.0"
      }
    },
    "language-switcher/node_modules/@types/react": {
      "version": "19.2.15",
      "dev": true,
      "license": "MIT",
      "dependencies": {
        "csstype": "^3.2.2"
      }
    },
    "language-switcher/node_modules/csstype": {
      "version": "3.2.3",
      "dev": true,
      "license": "MIT"
    },
    "language-switcher/node_modules/html-parse-stringify": {
      "version": "3.0.1",
      "license": "MIT",
      "dependencies": {
        "void-elements": "3.1.0"
      }
    },
    "language-switcher/node_modules/i18next": {
      "version": "26.2.0",
      "funding": [
        {
          "type": "individual",
          "url": "https://www.locize.com/i18next"
        },
        {
          "type": "individual",
          "url": "https://www.i18next.com/how-to/faq#i18next-is-awesome.-how-can-i-support-the-project"
        },
        {
          "type": "individual",
          "url": "https://www.locize.com"
        }
      ],
      "license": "MIT",
      "peerDependencies": {
        "typescript": "^5 || ^6"
      },
      "peerDependenciesMeta": {
        "typescript": {
          "optional": true
        }
      }
    },
    "language-switcher/node_modules/react": {
      "version": "19.2.6",
      "license": "MIT",
      "engines": {
        "node": ">=0.10.0"
      }
    },
    "language-switcher/node_modules/react-dom": {
      "version": "19.2.6",
      "dev": true,
      "license": "MIT",
      "dependencies": {
        "scheduler": "^0.27.0"
      },
      "peerDependencies": {
        "react": "^19.2.6"
      }
    },
    "language-switcher/node_modules/react-i18next": {
      "version": "17.0.8",
      "license": "MIT",
      "dependencies": {
        "@babel/runtime": "^7.29.2",
        "html-parse-stringify": "^3.0.1",
        "use-sync-external-store": "^1.6.0"
      },
      "peerDependencies": {
        "i18next": ">= 26.2.0",
        "react": ">= 16.8.0",
        "typescript": "^5 || ^6"
      },
      "peerDependenciesMeta": {
        "react-dom": {
          "optional": true
        },
        "react-native": {
          "optional": true
        },
        "typescript": {
          "optional": true
        }
      }
    },
    "language-switcher/node_modules/scheduler": {
      "version": "0.27.0",
      "dev": true,
      "license": "MIT"
    },
    "language-switcher/node_modules/typescript": {
      "version": "6.0.3",
      "devOptional": true,
      "license": "Apache-2.0",
      "bin": {
        "tsc": "bin/tsc",
        "tsserver": "bin/tsserver"
      },
      "engines": {
        "node": ">=14.17"
      }
    },
    "language-switcher/node_modules/use-sync-external-store": {
      "version": "1.6.0",
      "license": "MIT",
      "peerDependencies": {
        "react": "^16.8.0 || ^17.0.0 || ^18.0.0 || ^19.0.0"
      }
    },
    "language-switcher/node_modules/void-elements": {
      "version": "3.1.0",
      "license": "MIT",
      "engines": {
        "node": ">=0.10.0"
      }
    },
    "node_modules/@mbcorai/language-switcher": {
      "resolved": "language-switcher",
      "link": true
    }
  }
}
